
Microsoft Visual Studio Solution File, Format Version 12.00
# Visual Studio 14
VisualStudioVersion = 14.0.25420.1
MinimumVisualStudioVersion = 10.0.40219.1
Project("{FAE04EC0-301F-11D3-BF4B-00C04F79EFBC}") = "RadaCode", "WebApplication3\RadaCode.csproj", "{9DCC10A0-F0D6-411D-BED3-8E7A391F93A4}"
EndProject
Project("{FAE04EC0-301F-11D3-BF4B-00C04F79EFBC}") = "RadaCode.Dal", "WebApplication3.Dal\RadaCode.Dal.csproj", "{475008F0-3BFE-4A2F-B45D-6A0A0E7AE157}"
EndProject
Project("{FAE04EC0-301F-11D3-BF4B-00C04F79EFBC}") = "RadaCode.Entities", "WebApplication3.Entities\RadaCode.Entities.csproj", "{EA8B5250-0A7F-4098-907E-517B1954B74B}"
EndProject
Project("{FAE04EC0-301F-11D3-BF4B-00C04F79EFBC}") = "RadaCode.Infrastructure", "WebApplication3.Infrastructure\RadaCode.Infrastructure.csproj", "{9ABEC671-F511-4955-B470-4B29E2D63BD2}"
EndProject
Project("{FAE04EC0-301F-11D3-BF4B-00C04F79EFBC}") = "RadaCode.Security", "WebApplication3.Security\RadaCode.Security.csproj", "{E4ECCB3C-7B19-4315-A7F1-302B48FB8977}"
EndProject
Global
	GlobalSection(SolutionConfigurationPlatforms) = preSolution
		Debug|Any CPU = Debug|Any CPU
		Release|Any CPU = Release|Any CPU
	EndGlobalSection
	GlobalSection(ProjectConfigurationPlatforms) = postSolution
		{9DCC10A0-F0D6-411D-BED3-8E7A391F93A4}.Debug|Any CPU.ActiveCfg = Debug|Any CPU
		{9DCC10A0-F0D6-411D-BED3-8E7A391F93A4}.Debug|Any CPU.Build.0 = Debug|Any CPU
		{9DCC10A0-F0D6-411D-BED3-8E7A391F93A4}.Release|Any CPU.ActiveCfg = Release|Any CPU
		{9DCC10A0-F0D6-411D-BED3-8E7A391F93A4}.Release|Any CPU.Build.0 = Release|Any CPU
		{475008F0-3BFE-4A2F-B45D-6A0A0E7AE157}.Debug|Any CPU.ActiveCfg = Debug|Any CPU
		{475008F0-3BFE-4A2F-B45D-6A0A0E7AE157}.Debug|Any CPU.Build.0 = Debug|Any CPU
		{475008F0-3BFE-4A2F-B45D-6A0A0E7AE157}.Release|Any CPU.ActiveCfg = Release|Any CPU
		{475008F0-3BFE-4A2F-B45D-6A0A0E7AE157}.Release|Any CPU.Build.0 = Release|Any CPU
		{EA8B5250-0A7F-4098-907E-517B1954B74B}.Debug|Any CPU.ActiveCfg = Debug|Any CPU
		{EA8B5250-0A7F-4098-907E-517B1954B74B}.Debug|Any CPU.Build.0 = Debug|Any CPU
		{EA8B5250-0A7F-4098-907E-517B1954B74B}.Release|Any CPU.ActiveCfg = Release|Any CPU
		{EA8B5250-0A7F-4098-907E-517B1954B74B}.Release|Any CPU.Build.0 = Release|Any CPU
		{9ABEC671-F511-4955-B470-4B29E2D63BD2}.Debug|Any CPU.ActiveCfg = Debug|Any CPU
		{9ABEC671-F511-4955-B470-4B29E2D63BD2}.Debug|Any CPU.Build.0 = Debug|Any CPU
		{9ABEC671-F511-4955-B470-4B29E2D63BD2}.Release|Any CPU.ActiveCfg = Release|Any CPU
		{9ABEC671-F511-4955-B470-4B29E2D63BD2}.Release|Any CPU.Build.0 = Release|Any CPU
		{E4ECCB3C-7B19-4315-A7F1-302B48FB8977}.Debug|Any CPU.ActiveCfg = Debug|Any CPU
		{E4ECCB3C-7B19-4315-A7F1-302B48FB8977}.Debug|Any CPU.Build.0 = Debug|Any CPU
		{E4ECCB3C-7B19-4315-A7F1-302B48FB8977}.Release|Any CPU.ActiveCfg = Release|Any CPU
		{E4ECCB3C-7B19-4315-A7F1-302B48FB8977}.Release|Any CPU.Build.0 = Release|Any CPU
	EndGlobalSection
	GlobalSection(SolutionProperties) = preSolution
		HideSolutionNode = FALSE
	EndGlobalSection
EndGlobal
